Microsoft Visual Studio Solution File, Format Version 12.00
# Visual Studio Version 17
VisualStudioVersion = 17.5.2.0
MinimumVisualStudioVersion = 10.0.40219.1
Project("{FAE04EC0-301F-11D3-BF4B-00C04F79EFBC}") = "_3_formsapp", "_3_formsapp.csproj", "{A214C17D-6BDF-6A8F-B390-221D31BE6A50}"
EndProject
Global
	GlobalSection(SolutionConfigurationPlatforms) = preSolution
		Debug|Any CPU = Debug|Any CPU
		Release|Any CPU = Release|Any CPU
	EndGlobalSection
	GlobalSection(ProjectConfigurationPlatforms) = postSolution
		{A214C17D-6BDF-6A8F-B390-221D31BE6A50}.Debug|Any CPU.ActiveCfg = Debug|Any CPU
		{A214C17D-6BDF-6A8F-B390-221D31BE6A50}.Debug|Any CPU.Build.0 = Debug|Any CPU
		{A214C17D-6BDF-6A8F-B390-221D31BE6A50}.Release|Any CPU.ActiveCfg = Release|Any CPU
		{A214C17D-6BDF-6A8F-B390-221D31BE6A50}.Release|Any CPU.Build.0 = Release|Any CPU
	EndGlobalSection
	GlobalSection(SolutionProperties) = preSolution
		HideSolutionNode = FALSE
	EndGlobalSection
	GlobalSection(ExtensibilityGlobals) = postSolution
		SolutionGuid = {5F88FEBE-4544-4D78-AF77-5C29EC01EAA7}
	EndGlobalSection
EndGlobal
