Microsoft Visual Studio Solution File, Format Version 12.00
# Visual Studio Version 17
VisualStudioVersion = 17.5.2.0
MinimumVisualStudioVersion = 10.0.40219.1
Project("{FAE04EC0-301F-11D3-BF4B-00C04F79EFBC}") = "step-1-example", "step-1-example.csproj", "{E70464D7-CA90-57EC-48A1-9F0DDE2DB5B9}"
EndProject
Global
	GlobalSection(SolutionConfigurationPlatforms) = preSolution
		Debug|Any CPU = Debug|Any CPU
		Release|Any CPU = Release|Any CPU
	EndGlobalSection
	GlobalSection(ProjectConfigurationPlatforms) = postSolution
		{E70464D7-CA90-57EC-48A1-9F0DDE2DB5B9}.Debug|Any CPU.ActiveCfg = Debug|Any CPU
		{E70464D7-CA90-57EC-48A1-9F0DDE2DB5B9}.Debug|Any CPU.Build.0 = Debug|Any CPU
		{E70464D7-CA90-57EC-48A1-9F0DDE2DB5B9}.Release|Any CPU.ActiveCfg = Release|Any CPU
		{E70464D7-CA90-57EC-48A1-9F0DDE2DB5B9}.Release|Any CPU.Build.0 = Release|Any CPU
	EndGlobalSection
	GlobalSection(SolutionProperties) = preSolution
		HideSolutionNode = FALSE
	EndGlobalSection
	GlobalSection(ExtensibilityGlobals) = postSolution
		SolutionGuid = {D156A90F-71C1-493E-BF5D-A6F7BEEEABC1}
	EndGlobalSection
EndGlobal
